
Microsoft Visual Studio Solution File, Format Version 12.00
# Visual Studio Version 17
VisualStudioVersion = 17.10.34928.147
MinimumVisualStudioVersion = 10.0.40219.1
Project("{FAE04EC0-301F-11D3-BF4B-00C04F79EFBC}") = "comercio", "comercio\comercio.csproj", "{BA958A96-4283-4662-B853-ACDA466251A7}"
EndProject
Global
	GlobalSection(SolutionConfigurationPlatforms) = preSolution
		Debug|Any CPU = Debug|Any CPU
		Release|Any CPU = Release|Any CPU
	EndGlobalSection
	GlobalSection(ProjectConfigurationPlatforms) = postSolution
		{BA958A96-4283-4662-B853-ACDA466251A7}.Debug|Any CPU.ActiveCfg = Debug|Any CPU
		{BA958A96-4283-4662-B853-ACDA466251A7}.Debug|Any CPU.Build.0 = Debug|Any CPU
		{BA958A96-4283-4662-B853-ACDA466251A7}.Release|Any CPU.ActiveCfg = Release|Any CPU
		{BA958A96-4283-4662-B853-ACDA466251A7}.Release|Any CPU.Build.0 = Release|Any CPU
	EndGlobalSection
	GlobalSection(SolutionProperties) = preSolution
		HideSolutionNode = FALSE
	EndGlobalSection
	GlobalSection(ExtensibilityGlobals) = postSolution
		SolutionGuid = {29474D09-0822-4887-8BE3-1CAA2CFF2A53}
	EndGlobalSection
EndGlobal
